
Microsoft Visual Studio Solution File, Format Version 12.00
# Visual Studio Version 16
VisualStudioVersion = 16.0.31515.178
MinimumVisualStudioVersion = 10.0.40219.1
Project("{888888A0-9F3D-457C-B088-3A5042F75D52}") = "IterationAndRecursionCGS", "IterationAndRecursionCGS.pyproj", "{88C1EE4E-5DE4-42EF-9CED-5C595CE2EBDB}"
EndProject
Global
	GlobalSection(SolutionConfigurationPlatforms) = preSolution
		Debug|Any CPU = Debug|Any CPU
		Release|Any CPU = Release|Any CPU
	EndGlobalSection
	GlobalSection(ProjectConfigurationPlatforms) = postSolution
		{88C1EE4E-5DE4-42EF-9CED-5C595CE2EBDB}.Debug|Any CPU.ActiveCfg = Debug|Any CPU
		{88C1EE4E-5DE4-42EF-9CED-5C595CE2EBDB}.Release|Any CPU.ActiveCfg = Release|Any CPU
	EndGlobalSection
	GlobalSection(SolutionProperties) = preSolution
		HideSolutionNode = FALSE
	EndGlobalSection
	GlobalSection(ExtensibilityGlobals) = postSolution
		SolutionGuid = {DEB854F6-5B82-49AE-9E47-9B82D473F50D}
	EndGlobalSection
EndGlobal
